
Microsoft Visual Studio Solution File, Format Version 12.00
# Visual Studio Version 17
VisualStudioVersion = 17.14.36811.4
MinimumVisualStudioVersion = 10.0.40219.1
Project("{8BC9CEB8-8B4A-11D0-8D11-00A0C91BC942}") = "SmartPodVolume", "SmartPodVolume\SmartPodVolume.vcxproj", "{B319622D-3E82-88E3-9EB9-CECE3EE6D99A}"
	ProjectSection(ProjectDependencies) = postProject
		{466FD616-BE90-4333-B144-7B79C7BD290B} = {466FD616-BE90-4333-B144-7B79C7BD290B}
	EndProjectSection
EndProject
Project("{FAE04EC0-301F-11D3-BF4B-00C04F79EFBC}") = "SmartPodVolumeWizard", "SmartPodVolumeWizard\SmartPodVolumeWizard.csproj", "{67672CAD-580A-4E0D-8BBB-B8B331D974ED}"
	ProjectSection(ProjectDependencies) = postProject
		{466FD616-BE90-4333-B144-7B79C7BD290B} = {466FD616-BE90-4333-B144-7B79C7BD290B}
	EndProjectSection
EndProject
Project("{8BC9CEB8-8B4A-11D0-8D11-00A0C91BC942}") = "CommCtrlDarkThemer", "CommCtrlDarkThemer\CommCtrlDarkThemer.vcxproj", "{466FD616-BE90-4333-B144-7B79C7BD290B}"
EndProject
Global
	GlobalSection(SolutionConfigurationPlatforms) = preSolution
		Debug|Any CPU = Debug|Any CPU
		Debug|x64 = Debug|x64
		Debug|x86 = Debug|x86
		Release|Any CPU = Release|Any CPU
		Release|x64 = Release|x64
		Release|x86 = Release|x86
	EndGlobalSection
	GlobalSection(ProjectConfigurationPlatforms) = postSolution
		{B319622D-3E82-88E3-9EB9-CECE3EE6D99A}.Debug|Any CPU.ActiveCfg = Debug|x64
		{B319622D-3E82-88E3-9EB9-CECE3EE6D99A}.Debug|Any CPU.Build.0 = Debug|x64
		{B319622D-3E82-88E3-9EB9-CECE3EE6D99A}.Debug|x64.ActiveCfg = Debug|x64
		{B319622D-3E82-88E3-9EB9-CECE3EE6D99A}.Debug|x64.Build.0 = Debug|x64
		{B319622D-3E82-88E3-9EB9-CECE3EE6D99A}.Debug|x86.ActiveCfg = Debug|Win32
		{B319622D-3E82-88E3-9EB9-CECE3EE6D99A}.Debug|x86.Build.0 = Debug|Win32
		{B319622D-3E82-88E3-9EB9-CECE3EE6D99A}.Release|Any CPU.ActiveCfg = Release|x64
		{B319622D-3E82-88E3-9EB9-CECE3EE6D99A}.Release|Any CPU.Build.0 = Release|x64
		{B319622D-3E82-88E3-9EB9-CECE3EE6D99A}.Release|x64.ActiveCfg = Release|x64
		{B319622D-3E82-88E3-9EB9-CECE3EE6D99A}.Release|x64.Build.0 = Release|x64
		{B319622D-3E82-88E3-9EB9-CECE3EE6D99A}.Release|x86.ActiveCfg = Release|Win32
		{B319622D-3E82-88E3-9EB9-CECE3EE6D99A}.Release|x86.Build.0 = Release|Win32
		{67672CAD-580A-4E0D-8BBB-B8B331D974ED}.Debug|Any CPU.ActiveCfg = Debug|Any CPU
		{67672CAD-580A-4E0D-8BBB-B8B331D974ED}.Debug|Any CPU.Build.0 = Debug|Any CPU
		{67672CAD-580A-4E0D-8BBB-B8B331D974ED}.Debug|x64.ActiveCfg = Debug|Any CPU
		{67672CAD-580A-4E0D-8BBB-B8B331D974ED}.Debug|x64.Build.0 = Debug|Any CPU
		{67672CAD-580A-4E0D-8BBB-B8B331D974ED}.Debug|x86.ActiveCfg = Debug|Any CPU
		{67672CAD-580A-4E0D-8BBB-B8B331D974ED}.Debug|x86.Build.0 = Debug|Any CPU
		{67672CAD-580A-4E0D-8BBB-B8B331D974ED}.Release|Any CPU.ActiveCfg = Release|Any CPU
		{67672CAD-580A-4E0D-8BBB-B8B331D974ED}.Release|Any CPU.Build.0 = Release|Any CPU
		{67672CAD-580A-4E0D-8BBB-B8B331D974ED}.Release|x64.ActiveCfg = Release|Any CPU
		{67672CAD-580A-4E0D-8BBB-B8B331D974ED}.Release|x64.Build.0 = Release|Any CPU
		{67672CAD-580A-4E0D-8BBB-B8B331D974ED}.Release|x86.ActiveCfg = Release|Any CPU
		{67672CAD-580A-4E0D-8BBB-B8B331D974ED}.Release|x86.Build.0 = Release|Any CPU
		{466FD616-BE90-4333-B144-7B79C7BD290B}.Debug|Any CPU.ActiveCfg = Debug|x64
		{466FD616-BE90-4333-B144-7B79C7BD290B}.Debug|Any CPU.Build.0 = Debug|x64
		{466FD616-BE90-4333-B144-7B79C7BD290B}.Debug|x64.ActiveCfg = Debug|x64
		{466FD616-BE90-4333-B144-7B79C7BD290B}.Debug|x64.Build.0 = Debug|x64
		{466FD616-BE90-4333-B144-7B79C7BD290B}.Debug|x86.ActiveCfg = Debug|Win32
		{466FD616-BE90-4333-B144-7B79C7BD290B}.Debug|x86.Build.0 = Debug|Win32
		{466FD616-BE90-4333-B144-7B79C7BD290B}.Release|Any CPU.ActiveCfg = Release|x64
		{466FD616-BE90-4333-B144-7B79C7BD290B}.Release|Any CPU.Build.0 = Release|x64
		{466FD616-BE90-4333-B144-7B79C7BD290B}.Release|x64.ActiveCfg = Release|x64
		{466FD616-BE90-4333-B144-7B79C7BD290B}.Release|x64.Build.0 = Release|x64
		{466FD616-BE90-4333-B144-7B79C7BD290B}.Release|x86.ActiveCfg = Release|Win32
		{466FD616-BE90-4333-B144-7B79C7BD290B}.Release|x86.Build.0 = Release|Win32
	EndGlobalSection
	GlobalSection(SolutionProperties) = preSolution
		HideSolutionNode = FALSE
	EndGlobalSection
	GlobalSection(ExtensibilityGlobals) = postSolution
		SolutionGuid = {C33CF4F6-5485-48D9-8286-4EF667B8B14B}
	EndGlobalSection
EndGlobal
